
Microsoft Visual Studio Solution File, Format Version 11.00
# Visual Studio 2010
Project("{8BC9CEB8-8B4A-11D0-8D11-00A0C91BC942}") = "Thickness", "Thickness\Thickness.vcxproj", "{DF9A5A2F-C999-436E-A5AA-01A20660C15C}"
EndProject
Project("{8BC9CEB8-8B4A-11D0-8D11-00A0C91BC942}") = "debug_panel", "debug_panel\debug_panel.vcxproj", "{284D8CCD-CC14-4606-8BC4-95DF275F5A4C}"
EndProject
Project("{8BC9CEB8-8B4A-11D0-8D11-00A0C91BC942}") = "EventsGrid", "EventsGrid\EventsGrid.vcxproj", "{7B14F8EA-1503-4156-8E15-4883DA0CF903}"
EndProject
Project("{8BC9CEB8-8B4A-11D0-8D11-00A0C91BC942}") = "InputOutPut", "InputOutPut\InputOutPut.vcxproj", "{4751AC19-CD7C-4B0A-82C6-57AEECFD5C43}"
EndProject
Global
	GlobalSection(SolutionConfigurationPlatforms) = preSolution
		Debug|Win32 = Debug|Win32
		Release|Win32 = Release|Win32
	EndGlobalSection
	GlobalSection(ProjectConfigurationPlatforms) = postSolution
		{DF9A5A2F-C999-436E-A5AA-01A20660C15C}.Debug|Win32.ActiveCfg = Debug|Win32
		{DF9A5A2F-C999-436E-A5AA-01A20660C15C}.Debug|Win32.Build.0 = Debug|Win32
		{DF9A5A2F-C999-436E-A5AA-01A20660C15C}.Release|Win32.ActiveCfg = Release|Win32
		{DF9A5A2F-C999-436E-A5AA-01A20660C15C}.Release|Win32.Build.0 = Release|Win32
		{284D8CCD-CC14-4606-8BC4-95DF275F5A4C}.Debug|Win32.ActiveCfg = Debug|Win32
		{284D8CCD-CC14-4606-8BC4-95DF275F5A4C}.Debug|Win32.Build.0 = Debug|Win32
		{284D8CCD-CC14-4606-8BC4-95DF275F5A4C}.Release|Win32.ActiveCfg = Release|Win32
		{284D8CCD-CC14-4606-8BC4-95DF275F5A4C}.Release|Win32.Build.0 = Release|Win32
		{7B14F8EA-1503-4156-8E15-4883DA0CF903}.Debug|Win32.ActiveCfg = Debug|Win32
		{7B14F8EA-1503-4156-8E15-4883DA0CF903}.Debug|Win32.Build.0 = Debug|Win32
		{7B14F8EA-1503-4156-8E15-4883DA0CF903}.Release|Win32.ActiveCfg = Release|Win32
		{7B14F8EA-1503-4156-8E15-4883DA0CF903}.Release|Win32.Build.0 = Release|Win32
		{4751AC19-CD7C-4B0A-82C6-57AEECFD5C43}.Debug|Win32.ActiveCfg = Debug|Win32
		{4751AC19-CD7C-4B0A-82C6-57AEECFD5C43}.Debug|Win32.Build.0 = Debug|Win32
		{4751AC19-CD7C-4B0A-82C6-57AEECFD5C43}.Release|Win32.ActiveCfg = Release|Win32
		{4751AC19-CD7C-4B0A-82C6-57AEECFD5C43}.Release|Win32.Build.0 = Release|Win32
	EndGlobalSection
	GlobalSection(SolutionProperties) = preSolution
		HideSolutionNode = FALSE
	EndGlobalSection
EndGlobal
